
Microsoft Visual Studio Solution File, Format Version 12.00
# Visual Studio Version 17
VisualStudioVersion = 17.7.34009.444
MinimumVisualStudioVersion = 10.0.40219.1
Project("{FAE04EC0-301F-11D3-BF4B-00C04F79EFBC}") = "ParcialVisual", "WebApplication1\ParcialVisual.csproj", "{111D46A7-27ED-48EB-BFB4-C3DB2E477F61}"
EndProject
Global
	GlobalSection(SolutionConfigurationPlatforms) = preSolution
		Debug|Any CPU = Debug|Any CPU
		Release|Any CPU = Release|Any CPU
	EndGlobalSection
	GlobalSection(ProjectConfigurationPlatforms) = postSolution
		{111D46A7-27ED-48EB-BFB4-C3DB2E477F61}.Debug|Any CPU.ActiveCfg = Debug|Any CPU
		{111D46A7-27ED-48EB-BFB4-C3DB2E477F61}.Debug|Any CPU.Build.0 = Debug|Any CPU
		{111D46A7-27ED-48EB-BFB4-C3DB2E477F61}.Release|Any CPU.ActiveCfg = Release|Any CPU
		{111D46A7-27ED-48EB-BFB4-C3DB2E477F61}.Release|Any CPU.Build.0 = Release|Any CPU
	EndGlobalSection
	GlobalSection(SolutionProperties) = preSolution
		HideSolutionNode = FALSE
	EndGlobalSection
	GlobalSection(ExtensibilityGlobals) = postSolution
		SolutionGuid = {68739548-DBD9-4917-A817-A826A3992418}
	EndGlobalSection
EndGlobal
